
Microsoft Visual Studio Solution File, Format Version 12.00
# Visual Studio Version 17
VisualStudioVersion = 17.10.35004.147
MinimumVisualStudioVersion = 10.0.40219.1
Project("{FAE04EC0-301F-11D3-BF4B-00C04F79EFBC}") = "Automatisation", "Automatisation\Automatisation.csproj", "{FB19A810-4ED5-4695-9620-3E99933C7FD7}"
EndProject
Global
	GlobalSection(SolutionConfigurationPlatforms) = preSolution
		Debug|Any CPU = Debug|Any CPU
		Release|Any CPU = Release|Any CPU
	EndGlobalSection
	GlobalSection(ProjectConfigurationPlatforms) = postSolution
		{FB19A810-4ED5-4695-9620-3E99933C7FD7}.Debug|Any CPU.ActiveCfg = Debug|Any CPU
		{FB19A810-4ED5-4695-9620-3E99933C7FD7}.Debug|Any CPU.Build.0 = Debug|Any CPU
		{FB19A810-4ED5-4695-9620-3E99933C7FD7}.Release|Any CPU.ActiveCfg = Release|Any CPU
		{FB19A810-4ED5-4695-9620-3E99933C7FD7}.Release|Any CPU.Build.0 = Release|Any CPU
	EndGlobalSection
	GlobalSection(SolutionProperties) = preSolution
		HideSolutionNode = FALSE
	EndGlobalSection
	GlobalSection(ExtensibilityGlobals) = postSolution
		SolutionGuid = {69ED5AA8-BD56-4503-B9E9-DFD616648822}
	EndGlobalSection
EndGlobal
